
Microsoft Visual Studio Solution File, Format Version 12.00
# Visual Studio 2015
Project("{FAE04EC0-301F-11D3-BF4B-00C04F79EFBC}") = "Sample_BlendAnim.CSharp", "Sample_BlendAnim.CSharp.csproj", "{DAE2F1EF-673C-2E15-F2B1-C2758DEB5D84}"
EndProject
Global
	GlobalSection(SolutionConfigurationPlatforms) = preSolution
		Debug|Any CPU = Debug|Any CPU
		Release|Any CPU = Release|Any CPU
	EndGlobalSection
	GlobalSection(ProjectConfigurationPlatforms) = postSolution
		{DAE2F1EF-673C-2E15-F2B1-C2758DEB5D84}.Debug|Any CPU.ActiveCfg = Debug|Any CPU
		{DAE2F1EF-673C-2E15-F2B1-C2758DEB5D84}.Debug|Any CPU.Build.0 = Debug|Any CPU
		{DAE2F1EF-673C-2E15-F2B1-C2758DEB5D84}.Release|Any CPU.ActiveCfg = Release|Any CPU
		{DAE2F1EF-673C-2E15-F2B1-C2758DEB5D84}.Release|Any CPU.Build.0 = Release|Any CPU
	EndGlobalSection
	GlobalSection(SolutionProperties) = preSolution
		HideSolutionNode = FALSE
	EndGlobalSection
EndGlobal
